
Microsoft Visual Studio Solution File, Format Version 12.00
# Visual Studio 2012
Project("{FAE04EC0-301F-11D3-BF4B-00C04F79EFBC}") = "PZW_Domaci1", "PZW-Domaci1\PZW_Domaci1.csproj", "{084FDAE8-F66E-454F-B7FD-CE15D9254AD4}"
EndProject
Global
	GlobalSection(SolutionConfigurationPlatforms) = preSolution
		Debug|Any CPU = Debug|Any CPU
		Release|Any CPU = Release|Any CPU
	EndGlobalSection
	GlobalSection(ProjectConfigurationPlatforms) = postSolution
		{084FDAE8-F66E-454F-B7FD-CE15D9254AD4}.Debug|Any CPU.ActiveCfg = Debug|Any CPU
		{084FDAE8-F66E-454F-B7FD-CE15D9254AD4}.Debug|Any CPU.Build.0 = Debug|Any CPU
		{084FDAE8-F66E-454F-B7FD-CE15D9254AD4}.Release|Any CPU.ActiveCfg = Release|Any CPU
		{084FDAE8-F66E-454F-B7FD-CE15D9254AD4}.Release|Any CPU.Build.0 = Release|Any CPU
	EndGlobalSection
	GlobalSection(SolutionProperties) = preSolution
		HideSolutionNode = FALSE
	EndGlobalSection
EndGlobal
